// !$*UTF8*$!
{
	archiveVersion = 1;
	classes = {
	};
	objectVersion = 51;
	objects = {

/* Begin PBXBuildFile section */
		E03DAA4E79DC9818AED4FAFF /* Pods_FairwayFinder.framework in Frameworks */ = {isa = PBXBuildFile; fileRef = D7822B6779FC963C82B1BEB5 /* Pods_FairwayFinder.framework */; };
		E82D368D2577001D00230B62 /* UIView+addBorder.swift in Sources */ = {isa = PBXBuildFile; fileRef = E82D368C2577001D00230B62 /* UIView+addBorder.swift */; };
		E82D368F2577008200230B62 /* UIBarButtonItem+hide.swift in Sources */ = {isa = PBXBuildFile; fileRef = E82D368E2577008200230B62 /* UIBarButtonItem+hide.swift */; };
		E84412DC2575739B004BC427 /* CourseTableViewCell.swift in Sources */ = {isa = PBXBuildFile; fileRef = E84412DB2575739B004BC427 /* CourseTableViewCell.swift */; };
		E84412DE257575E4004BC427 /* CourseReviewsViewController.swift in Sources */ = {isa = PBXBuildFile; fileRef = E84412DD257575E4004BC427 /* CourseReviewsViewController.swift */; };
		E84412E025758075004BC427 /* Course.swift in Sources */ = {isa = PBXBuildFile; fileRef = E84412DF25758075004BC427 /* Course.swift */; };
		E84412E225758CB5004BC427 /* UIViewController+alert.swift in Sources */ = {isa = PBXBuildFile; fileRef = E84412E125758CB5004BC427 /* UIViewController+alert.swift */; };
		E84412E425758F3C004BC427 /* Courses.swift in Sources */ = {isa = PBXBuildFile; fileRef = E84412E325758F3C004BC427 /* Courses.swift */; };
		E84412E625759617004BC427 /* APIKeys.swift in Sources */ = {isa = PBXBuildFile; fileRef = E84412E525759617004BC427 /* APIKeys.swift */; };
		E8678211257944F2006DCB23 /* PhotoViewController.swift in Sources */ = {isa = PBXBuildFile; fileRef = E8678210257944F2006DCB23 /* PhotoViewController.swift */; };
		E8842E242575DE0F004AF953 /* ReviewTableViewController.swift in Sources */ = {isa = PBXBuildFile; fileRef = E8842E232575DE0F004AF953 /* ReviewTableViewController.swift */; };
		E8842E262576A66F004AF953 /* Review.swift in Sources */ = {isa = PBXBuildFile; fileRef = E8842E252576A66F004AF953 /* Review.swift */; };
		E8842E282576A987004AF953 /* Reviews.swift in Sources */ = {isa = PBXBuildFile; fileRef = E8842E272576A987004AF953 /* Reviews.swift */; };
		E8842E2A2576B5AE004AF953 /* CourseReviewTableViewCell.swift in Sources */ = {isa = PBXBuildFile; fileRef = E8842E292576B5AE004AF953 /* CourseReviewTableViewCell.swift */; };
		E8B6C645257A9D4100667F7D /* Photo.swift in Sources */ = {isa = PBXBuildFile; fileRef = E8B6C644257A9D4100667F7D /* Photo.swift */; };
		E8B6C647257AC8B000667F7D /* Photos.swift in Sources */ = {isa = PBXBuildFile; fileRef = E8B6C646257AC8B000667F7D /* Photos.swift */; };
		E8B6C649257AC96900667F7D /* BrowsePhotosViewController.swift in Sources */ = {isa = PBXBuildFile; fileRef = E8B6C648257AC96900667F7D /* BrowsePhotosViewController.swift */; };
		E8B6C64B257ACBFB00667F7D /* CoursePhotoCollectionViewCell.swift in Sources */ = {isa = PBXBuildFile; fileRef = E8B6C64A257ACBFB00667F7D /* CoursePhotoCollectionViewCell.swift */; };
		E8BE1E2D25754BD00052CE29 /* AppDelegate.swift in Sources */ = {isa = PBXBuildFile; fileRef = E8BE1E2C25754BD00052CE29 /* AppDelegate.swift */; };
		E8BE1E2F25754BD00052CE29 /* SceneDelegate.swift in Sources */ = {isa = PBXBuildFile; fileRef = E8BE1E2E25754BD00052CE29 /* SceneDelegate.swift */; };
		E8BE1E3125754BD00052CE29 /* ViewController.swift in Sources */ = {isa = PBXBuildFile; fileRef = E8BE1E3025754BD00052CE29 /* ViewController.swift */; };
		E8BE1E3425754BD00052CE29 /* Main.storyboard in Resources */ = {isa = PBXBuildFile; fileRef = E8BE1E3225754BD00052CE29 /* Main.storyboard */; };
		E8BE1E3625754BD30052CE29 /* Assets.xcassets in Resources */ = {isa = PBXBuildFile; fileRef = E8BE1E3525754BD30052CE29 /* Assets.xcassets */; };
		E8BE1E3925754BD30052CE29 /* LaunchScreen.storyboard in Resources */ = {isa = PBXBuildFile; fileRef = E8BE1E3725754BD30052CE29 /* LaunchScreen.storyboard */; };
		E8BE1E4125754DF80052CE29 /* GoogleService-Info.plist in Resources */ = {isa = PBXBuildFile; fileRef = E8BE1E4025754DF80052CE29 /* GoogleService-Info.plist */; };
/* End PBXBuildFile section */

/* Begin PBXFileReference section */
		2A48CDFFF42555E642EDA1D2 /* Pods-FairwayFinder.release.xcconfig */ = {isa = PBXFileReference; includeInIndex = 1; lastKnownFileType = text.xcconfig; name = "Pods-FairwayFinder.release.xcconfig"; path = "Target Support Files/Pods-FairwayFinder/Pods-FairwayFinder.release.xcconfig"; sourceTree = "<group>"; };
		D7822B6779FC963C82B1BEB5 /* Pods_FairwayFinder.framework */ = {isa = PBXFileReference; explicitFileType = wrapper.framework; includeInIndex = 0; path = Pods_FairwayFinder.framework; sourceTree = BUILT_PRODUCTS_DIR; };
		E82D368C2577001D00230B62 /* UIView+addBorder.swift */ = {isa = PBXFileReference; fileEncoding = 4; lastKnownFileType = sourcecode.swift; path = "UIView+addBorder.swift"; sourceTree = "<group>"; };
		E82D368E2577008200230B62 /* UIBarButtonItem+hide.swift */ = {isa = PBXFileReference; fileEncoding = 4; lastKnownFileType = sourcecode.swift; path = "UIBarButtonItem+hide.swift"; sourceTree = "<group>"; };
		E84412DB2575739B004BC427 /* CourseTableViewCell.swift */ = {isa = PBXFileReference; lastKnownFileType = sourcecode.swift; path = CourseTableViewCell.swift; sourceTree = "<group>"; };
		E84412DD257575E4004BC427 /* CourseReviewsViewController.swift */ = {isa = PBXFileReference; lastKnownFileType = sourcecode.swift; path = CourseReviewsViewController.swift; sourceTree = "<group>"; };
		E84412DF25758075004BC427 /* Course.swift */ = {isa = PBXFileReference; lastKnownFileType = sourcecode.swift; path = Course.swift; sourceTree = "<group>"; };
		E84412E125758CB5004BC427 /* UIViewController+alert.swift */ = {isa = PBXFileReference; fileEncoding = 4; lastKnownFileType = sourcecode.swift; path = "UIViewController+alert.swift"; sourceTree = "<group>"; };
		E84412E325758F3C004BC427 /* Courses.swift */ = {isa = PBXFileReference; lastKnownFileType = sourcecode.swift; path = Courses.swift; sourceTree = "<group>"; };
		E84412E525759617004BC427 /* APIKeys.swift */ = {isa = PBXFileReference; lastKnownFileType = sourcecode.swift; path = APIKeys.swift; sourceTree = "<group>"; };
		E8678210257944F2006DCB23 /* PhotoViewController.swift */ = {isa = PBXFileReference; lastKnownFileType = sourcecode.swift; path = PhotoViewController.swift; sourceTree = "<group>"; };
		E8842E232575DE0F004AF953 /* ReviewTableViewController.swift */ = {isa = PBXFileReference; lastKnownFileType = sourcecode.swift; path = ReviewTableViewController.swift; sourceTree = "<group>"; };
		E8842E252576A66F004AF953 /* Review.swift */ = {isa = PBXFileReference; lastKnownFileType = sourcecode.swift; path = Review.swift; sourceTree = "<group>"; };
		E8842E272576A987004AF953 /* Reviews.swift */ = {isa = PBXFileReference; lastKnownFileType = sourcecode.swift; path = Reviews.swift; sourceTree = "<group>"; };
		E8842E292576B5AE004AF953 /* CourseReviewTableViewCell.swift */ = {isa = PBXFileReference; lastKnownFileType = sourcecode.swift; path = CourseReviewTableViewCell.swift; sourceTree = "<group>"; };
		E8B6C644257A9D4100667F7D /* Photo.swift */ = {isa = PBXFileReference; lastKnownFileType = sourcecode.swift; path = Photo.swift; sourceTree = "<group>"; };
		E8B6C646257AC8B000667F7D /* Photos.swift */ = {isa = PBXFileReference; lastKnownFileType = sourcecode.swift; path = Photos.swift; sourceTree = "<group>"; };
		E8B6C648257AC96900667F7D /* BrowsePhotosViewController.swift */ = {isa = PBXFileReference; lastKnownFileType = sourcecode.swift; path = BrowsePhotosViewController.swift; sourceTree = "<group>"; };
		E8B6C64A257ACBFB00667F7D /* CoursePhotoCollectionViewCell.swift */ = {isa = PBXFileReference; lastKnownFileType = sourcecode.swift; path = CoursePhotoCollectionViewCell.swift; sourceTree = "<group>"; };
		E8BE1E2925754BD00052CE29 /* FairwayFinder.app */ = {isa = PBXFileReference; explicitFileType = wrapper.application; includeInIndex = 0; path = FairwayFinder.app; sourceTree = BUILT_PRODUCTS_DIR; };
		E8BE1E2C25754BD00052CE29 /* AppDelegate.swift */ = {isa = PBXFileReference; lastKnownFileType = sourcecode.swift; path = AppDelegate.swift; sourceTree = "<group>"; };
		E8BE1E2E25754BD00052CE29 /* SceneDelegate.swift */ = {isa = PBXFileReference; lastKnownFileType = sourcecode.swift; path = SceneDelegate.swift; sourceTree = "<group>"; };
		E8BE1E3025754BD00052CE29 /* ViewController.swift */ = {isa = PBXFileReference; lastKnownFileType = sourcecode.swift; path = ViewController.swift; sourceTree = "<group>"; };
		E8BE1E3325754BD00052CE29 /* Base */ = {isa = PBXFileReference; lastKnownFileType = file.storyboard; name = Base; path = Base.lproj/Main.storyboard; sourceTree = "<group>"; };
		E8BE1E3525754BD30052CE29 /* Assets.xcassets */ = {isa = PBXFileReference; lastKnownFileType = folder.assetcatalog; path = Assets.xcassets; sourceTree = "<group>"; };
		E8BE1E3825754BD30052CE29 /* Base */ = {isa = PBXFileReference; lastKnownFileType = file.storyboard; name = Base; path = Base.lproj/LaunchScreen.storyboard; sourceTree = "<group>"; };
		E8BE1E3A25754BD30052CE29 /* Info.plist */ = {isa = PBXFileReference; lastKnownFileType = text.plist.xml; path = Info.plist; sourceTree = "<group>"; };
		E8BE1E4025754DF80052CE29 /* GoogleService-Info.plist */ = {isa = PBXFileReference; lastKnownFileType = text.plist; path = "GoogleService-Info.plist"; sourceTree = SOURCE_ROOT; };
		FDB4EED666C2167105F23BFF /* Pods-FairwayFinder.debug.xcconfig */ = {isa = PBXFileReference; includeInIndex = 1; lastKnownFileType = text.xcconfig; name = "Pods-FairwayFinder.debug.xcconfig"; path = "Target Support Files/Pods-FairwayFinder/Pods-FairwayFinder.debug.xcconfig"; sourceTree = "<group>"; };
/* End PBXFileReference section */

/* Begin PBXFrameworksBuildPhase section */
		E8BE1E2625754BD00052CE29 /* Frameworks */ = {
			isa = PBXFrameworksBuildPhase;
			buildActionMask = 2147483647;
			files = (
				E03DAA4E79DC9818AED4FAFF /* Pods_FairwayFinder.framework in Frameworks */,
			);
			runOnlyForDeploymentPostprocessing = 0;
		};
/* End PBXFrameworksBuildPhase section */

/* Begin PBXGroup section */
		761C7305875A15E3C4170A20 /* Frameworks */ = {
			isa = PBXGroup;
			children = (
				D7822B6779FC963C82B1BEB5 /* Pods_FairwayFinder.framework */,
			);
			name = Frameworks;
			sourceTree = "<group>";
		};
		E8BE1E2025754BD00052CE29 = {
			isa = PBXGroup;
			children = (
				E8BE1E2B25754BD00052CE29 /* FairwayFinder */,
				E8BE1E2A25754BD00052CE29 /* Products */,
				FAD6233B2F135F8AFF359A1D /* Pods */,
				761C7305875A15E3C4170A20 /* Frameworks */,
			);
			sourceTree = "<group>";
		};
		E8BE1E2A25754BD00052CE29 /* Products */ = {
			isa = PBXGroup;
			children = (
				E8BE1E2925754BD00052CE29 /* FairwayFinder.app */,
			);
			name = Products;
			sourceTree = "<group>";
		};
		E8BE1E2B25754BD00052CE29 /* FairwayFinder */ = {
			isa = PBXGroup;
			children = (
				E8BE1E2C25754BD00052CE29 /* AppDelegate.swift */,
				E8BE1E2E25754BD00052CE29 /* SceneDelegate.swift */,
				E84412DF25758075004BC427 /* Course.swift */,
				E84412E325758F3C004BC427 /* Courses.swift */,
				E8842E252576A66F004AF953 /* Review.swift */,
				E8842E272576A987004AF953 /* Reviews.swift */,
				E8B6C644257A9D4100667F7D /* Photo.swift */,
				E8B6C646257AC8B000667F7D /* Photos.swift */,
				E8BE1E3025754BD00052CE29 /* ViewController.swift */,
				E84412DD257575E4004BC427 /* CourseReviewsViewController.swift */,
				E8B6C64A257ACBFB00667F7D /* CoursePhotoCollectionViewCell.swift */,
				E8842E292576B5AE004AF953 /* CourseReviewTableViewCell.swift */,
				E8842E232575DE0F004AF953 /* ReviewTableViewController.swift */,
				E8678210257944F2006DCB23 /* PhotoViewController.swift */,
				E8B6C648257AC96900667F7D /* BrowsePhotosViewController.swift */,
				E84412DB2575739B004BC427 /* CourseTableViewCell.swift */,
				E8BE1E3225754BD00052CE29 /* Main.storyboard */,
				E8BE1E3525754BD30052CE29 /* Assets.xcassets */,
				E8BE1E3725754BD30052CE29 /* LaunchScreen.storyboard */,
				E8BE1E3A25754BD30052CE29 /* Info.plist */,
				E8BE1E4025754DF80052CE29 /* GoogleService-Info.plist */,
				E84412E125758CB5004BC427 /* UIViewController+alert.swift */,
				E82D368C2577001D00230B62 /* UIView+addBorder.swift */,
				E82D368E2577008200230B62 /* UIBarButtonItem+hide.swift */,
				E84412E525759617004BC427 /* APIKeys.swift */,
			);
			path = FairwayFinder;
			sourceTree = "<group>";
		};
		FAD6233B2F135F8AFF359A1D /* Pods */ = {
			isa = PBXGroup;
			children = (
				FDB4EED666C2167105F23BFF /* Pods-FairwayFinder.debug.xcconfig */,
				2A48CDFFF42555E642EDA1D2 /* Pods-FairwayFinder.release.xcconfig */,
			);
			path = Pods;
			sourceTree = "<group>";
		};
/* End PBXGroup section */

/* Begin PBXNativeTarget section */
		E8BE1E2825754BD00052CE29 /* FairwayFinder */ = {
			isa = PBXNativeTarget;
			buildConfigurationList = E8BE1E3D25754BD30052CE29 /* Build configuration list for PBXNativeTarget "FairwayFinder" */;
			buildPhases = (
				65EF6523EFA3606C8046E53D /* [CP] Check Pods Manifest.lock */,
				E8BE1E2525754BD00052CE29 /* Sources */,
				E8BE1E2625754BD00052CE29 /* Frameworks */,
				E8BE1E2725754BD00052CE29 /* Resources */,
				B703E020C0DFD250851666BC /* [CP] Embed Pods Frameworks */,
				A3D75DA8B53F177B1BF1F5DE /* [CP] Copy Pods Resources */,
			);
			buildRules = (
			);
			dependencies = (
			);
			name = FairwayFinder;
			productName = FairwayFinder;
			productReference = E8BE1E2925754BD00052CE29 /* FairwayFinder.app */;
			productType = "com.apple.product-type.application";
		};
/* End PBXNativeTarget section */

/* Begin PBXProject section */
		E8BE1E2125754BD00052CE29 /* Project object */ = {
			isa = PBXProject;
			attributes = {
				LastSwiftUpdateCheck = 1160;
				LastUpgradeCheck = 1160;
				ORGANIZATIONNAME = "Michael Ryan";
				TargetAttributes = {
					E8BE1E2825754BD00052CE29 = {
						CreatedOnToolsVersion = 11.6;
					};
				};
			};
			buildConfigurationList = E8BE1E2425754BD00052CE29 /* Build configuration list for PBXProject "FairwayFinder" */;
			compatibilityVersion = "Xcode 9.3";
			developmentRegion = en;
			hasScannedForEncodings = 0;
			knownRegions = (
				en,
				Base,
			);
			mainGroup = E8BE1E2025754BD00052CE29;
			productRefGroup = E8BE1E2A25754BD00052CE29 /* Products */;
			projectDirPath = "";
			projectRoot = "";
			targets = (
				E8BE1E2825754BD00052CE29 /* FairwayFinder */,
			);
		};
/* End PBXProject section */

/* Begin PBXResourcesBuildPhase section */
		E8BE1E2725754BD00052CE29 /* Resources */ = {
			isa = PBXResourcesBuildPhase;
			buildActionMask = 2147483647;
			files = (
				E8BE1E3925754BD30052CE29 /* LaunchScreen.storyboard in Resources */,
				E8BE1E4125754DF80052CE29 /* GoogleService-Info.plist in Resources */,
				E8BE1E3625754BD30052CE29 /* Assets.xcassets in Resources */,
				E8BE1E3425754BD00052CE29 /* Main.storyboard in Resources */,
			);
			runOnlyForDeploymentPostprocessing = 0;
		};
/* End PBXResourcesBuildPhase section */

/* Begin PBXShellScriptBuildPhase section */
		65EF6523EFA3606C8046E53D /* [CP] Check Pods Manifest.lock */ = {
			isa = PBXShellScriptBuildPhase;
			buildActionMask = 2147483647;
			files = (
			);
			inputFileListPaths = (
			);
			inputPaths = (
				"${PODS_PODFILE_DIR_PATH}/Podfile.lock",
				"${PODS_ROOT}/Manifest.lock",
			);
			name = "[CP] Check Pods Manifest.lock";
			outputFileListPaths = (
			);
			outputPaths = (
				"$(DERIVED_FILE_DIR)/Pods-FairwayFinder-checkManifestLockResult.txt",
			);
			runOnlyForDeploymentPostprocessing = 0;
			shellPath = /bin/sh;
			shellScript = "diff \"${PODS_PODFILE_DIR_PATH}/Podfile.lock\" \"${PODS_ROOT}/Manifest.lock\" > /dev/null\nif [ $? != 0 ] ; then\n    # print error to STDERR\n    echo \"error: The sandbox is not in sync with the Podfile.lock. Run 'pod install' or update your CocoaPods installation.\" >&2\n    exit 1\nfi\n# This output is used by Xcode 'outputs' to avoid re-running this script phase.\necho \"SUCCESS\" > \"${SCRIPT_OUTPUT_FILE_0}\"\n";
			showEnvVarsInLog = 0;
		};
		A3D75DA8B53F177B1BF1F5DE /* [CP] Copy Pods Resources */ = {
			isa = PBXShellScriptBuildPhase;
			buildActionMask = 2147483647;
			files = (
			);
			inputFileListPaths = (
				"${PODS_ROOT}/Target Support Files/Pods-FairwayFinder/Pods-FairwayFinder-resources-${CONFIGURATION}-input-files.xcfilelist",
			);
			name = "[CP] Copy Pods Resources";
			outputFileListPaths = (
				"${PODS_ROOT}/Target Support Files/Pods-FairwayFinder/Pods-FairwayFinder-resources-${CONFIGURATION}-output-files.xcfilelist",
			);
			runOnlyForDeploymentPostprocessing = 0;
			shellPath = /bin/sh;
			shellScript = "\"${PODS_ROOT}/Target Support Files/Pods-FairwayFinder/Pods-FairwayFinder-resources.sh\"\n";
			showEnvVarsInLog = 0;
		};
		B703E020C0DFD250851666BC /* [CP] Embed Pods Frameworks */ = {
			isa = PBXShellScriptBuildPhase;
			buildActionMask = 2147483647;
			files = (
			);
			inputFileListPaths = (
				"${PODS_ROOT}/Target Support Files/Pods-FairwayFinder/Pods-FairwayFinder-frameworks-${CONFIGURATION}-input-files.xcfilelist",
			);
			name = "[CP] Embed Pods Frameworks";
			outputFileListPaths = (
				"${PODS_ROOT}/Target Support Files/Pods-FairwayFinder/Pods-FairwayFinder-frameworks-${CONFIGURATION}-output-files.xcfilelist",
			);
			runOnlyForDeploymentPostprocessing = 0;
			shellPath = /bin/sh;
			shellScript = "\"${PODS_ROOT}/Target Support Files/Pods-FairwayFinder/Pods-FairwayFinder-frameworks.sh\"\n";
			showEnvVarsInLog = 0;
		};
/* End PBXShellScriptBuildPhase section */

/* Begin PBXSourcesBuildPhase section */
		E8BE1E2525754BD00052CE29 /* Sources */ = {
			isa = PBXSourcesBuildPhase;
			buildActionMask = 2147483647;
			files = (
				E8B6C647257AC8B000667F7D /* Photos.swift in Sources */,
				E84412E025758075004BC427 /* Course.swift in Sources */,
				E84412DC2575739B004BC427 /* CourseTableViewCell.swift in Sources */,
				E82D368F2577008200230B62 /* UIBarButtonItem+hide.swift in Sources */,
				E8BE1E3125754BD00052CE29 /* ViewController.swift in Sources */,
				E8B6C649257AC96900667F7D /* BrowsePhotosViewController.swift in Sources */,
				E84412E625759617004BC427 /* APIKeys.swift in Sources */,
				E84412E225758CB5004BC427 /* UIViewController+alert.swift in Sources */,
				E8842E2A2576B5AE004AF953 /* CourseReviewTableViewCell.swift in Sources */,
				E84412E425758F3C004BC427 /* Courses.swift in Sources */,
				E8842E262576A66F004AF953 /* Review.swift in Sources */,
				E82D368D2577001D00230B62 /* UIView+addBorder.swift in Sources */,
				E8B6C64B257ACBFB00667F7D /* CoursePhotoCollectionViewCell.swift in Sources */,
				E8B6C645257A9D4100667F7D /* Photo.swift in Sources */,
				E8BE1E2D25754BD00052CE29 /* AppDelegate.swift in Sources */,
				E8842E242575DE0F004AF953 /* ReviewTableViewController.swift in Sources */,
				E8842E282576A987004AF953 /* Reviews.swift in Sources */,
				E8678211257944F2006DCB23 /* PhotoViewController.swift in Sources */,
				E84412DE257575E4004BC427 /* CourseReviewsViewController.swift in Sources */,
				E8BE1E2F25754BD00052CE29 /* SceneDelegate.swift in Sources */,
			);
			runOnlyForDeploymentPostprocessing = 0;
		};
/* End PBXSourcesBuildPhase section */

/* Begin PBXVariantGroup section */
		E8BE1E3225754BD00052CE29 /* Main.storyboard */ = {
			isa = PBXVariantGroup;
			children = (
				E8BE1E3325754BD00052CE29 /* Base */,
			);
			name = Main.storyboard;
			sourceTree = "<group>";
		};
		E8BE1E3725754BD30052CE29 /* LaunchScreen.storyboard */ = {
			isa = PBXVariantGroup;
			children = (
				E8BE1E3825754BD30052CE29 /* Base */,
			);
			name = LaunchScreen.storyboard;
			sourceTree = "<group>";
		};
/* End PBXVariantGroup section */

/* Begin XCBuildConfiguration section */
		E8BE1E3B25754BD30052CE29 /* Debug */ = {
			isa = XCBuildConfiguration;
			buildSettings = {
				ALWAYS_SEARCH_USER_PATHS = NO;
				CLANG_ANALYZER_NONNULL = YES;
				CLANG_ANALYZER_NUMBER_OBJECT_CONVERSION = YES_AGGRESSIVE;
				CLANG_CXX_LANGUAGE_STANDARD = "gnu++14";
				CLANG_CXX_LIBRARY = "libc++";
				CLANG_ENABLE_MODULES = YES;
				CLANG_ENABLE_OBJC_ARC = YES;
				CLANG_ENABLE_OBJC_WEAK = YES;
				CLANG_WARN_BLOCK_CAPTURE_AUTORELEASING = YES;
				CLANG_WARN_BOOL_CONVERSION = YES;
				CLANG_WARN_COMMA = YES;
				CLANG_WARN_CONSTANT_CONVERSION = YES;
				CLANG_WARN_DEPRECATED_OBJC_IMPLEMENTATIONS = YES;
				CLANG_WARN_DIRECT_OBJC_ISA_USAGE = YES_ERROR;
				CLANG_WARN_DOCUMENTATION_COMMENTS = YES;
				CLANG_WARN_EMPTY_BODY = YES;
				CLANG_WARN_ENUM_CONVERSION = YES;
				CLANG_WARN_INFINITE_RECURSION = YES;
				CLANG_WARN_INT_CONVERSION = YES;
				CLANG_WARN_NON_LITERAL_NULL_CONVERSION = YES;
				CLANG_WARN_OBJC_IMPLICIT_RETAIN_SELF = YES;
				CLANG_WARN_OBJC_LITERAL_CONVERSION = YES;
				CLANG_WARN_OBJC_ROOT_CLASS = YES_ERROR;
				CLANG_WARN_RANGE_LOOP_ANALYSIS = YES;
				CLANG_WARN_STRICT_PROTOTYPES = YES;
				CLANG_WARN_SUSPICIOUS_MOVE = YES;
				CLANG_WARN_UNGUARDED_AVAILABILITY = YES_AGGRESSIVE;
				CLANG_WARN_UNREACHABLE_CODE = YES;
				CLANG_WARN__DUPLICATE_METHOD_MATCH = YES;
				COPY_PHASE_STRIP = NO;
				DEBUG_INFORMATION_FORMAT = dwarf;
				ENABLE_STRICT_OBJC_MSGSEND = YES;
				ENABLE_TESTABILITY = YES;
				GCC_C_LANGUAGE_STANDARD = gnu11;
				GCC_DYNAMIC_NO_PIC = NO;
				GCC_NO_COMMON_BLOCKS = YES;
				GCC_OPTIMIZATION_LEVEL = 0;
				GCC_PREPROCESSOR_DEFINITIONS = (
					"DEBUG=1",
					"$(inherited)",
				);
				GCC_WARN_64_TO_32_BIT_CONVERSION = YES;
				GCC_WARN_ABOUT_RETURN_TYPE = YES_ERROR;
				GCC_WARN_UNDECLARED_SELECTOR = YES;
				GCC_WARN_UNINITIALIZED_AUTOS = YES_AGGRESSIVE;
				GCC_WARN_UNUSED_FUNCTION = YES;
				GCC_WARN_UNUSED_VARIABLE = YES;
				IPHONEOS_DEPLOYMENT_TARGET = 13.6;
				MTL_ENABLE_DEBUG_INFO = INCLUDE_SOURCE;
				MTL_FAST_MATH = YES;
				ONLY_ACTIVE_ARCH = YES;
				SDKROOT = iphoneos;
				SWIFT_ACTIVE_COMPILATION_CONDITIONS = DEBUG;
				SWIFT_OPTIMIZATION_LEVEL = "-Onone";
			};
			name = Debug;
		};
		E8BE1E3C25754BD30052CE29 /* Release */ = {
			isa = XCBuildConfiguration;
			buildSettings = {
				ALWAYS_SEARCH_USER_PATHS = NO;
				CLANG_ANALYZER_NONNULL = YES;
				CLANG_ANALYZER_NUMBER_OBJECT_CONVERSION = YES_AGGRESSIVE;
				CLANG_CXX_LANGUAGE_STANDARD = "gnu++14";
				CLANG_CXX_LIBRARY = "libc++";
				CLANG_ENABLE_MODULES = YES;
				CLANG_ENABLE_OBJC_ARC = YES;
				CLANG_ENABLE_OBJC_WEAK = YES;
				CLANG_WARN_BLOCK_CAPTURE_AUTORELEASING = YES;
				CLANG_WARN_BOOL_CONVERSION = YES;
				CLANG_WARN_COMMA = YES;
				CLANG_WARN_CONSTANT_CONVERSION = YES;
				CLANG_WARN_DEPRECATED_OBJC_IMPLEMENTATIONS = YES;
				CLANG_WARN_DIRECT_OBJC_ISA_USAGE = YES_ERROR;
				CLANG_WARN_DOCUMENTATION_COMMENTS = YES;
				CLANG_WARN_EMPTY_BODY = YES;
				CLANG_WARN_ENUM_CONVERSION = YES;
				CLANG_WARN_INFINITE_RECURSION = YES;
				CLANG_WARN_INT_CONVERSION = YES;
				CLANG_WARN_NON_LITERAL_NULL_CONVERSION = YES;
				CLANG_WARN_OBJC_IMPLICIT_RETAIN_SELF = YES;
				CLANG_WARN_OBJC_LITERAL_CONVERSION = YES;
				CLANG_WARN_OBJC_ROOT_CLASS = YES_ERROR;
				CLANG_WARN_RANGE_LOOP_ANALYSIS = YES;
				CLANG_WARN_STRICT_PROTOTYPES = YES;
				CLANG_WARN_SUSPICIOUS_MOVE = YES;
				CLANG_WARN_UNGUARDED_AVAILABILITY = YES_AGGRESSIVE;
				CLANG_WARN_UNREACHABLE_CODE = YES;
				CLANG_WARN__DUPLICATE_METHOD_MATCH = YES;
				COPY_PHASE_STRIP = NO;
				DEBUG_INFORMATION_FORMAT = "dwarf-with-dsym";
				ENABLE_NS_ASSERTIONS = NO;
				ENABLE_STRICT_OBJC_MSGSEND = YES;
				GCC_C_LANGUAGE_STANDARD = gnu11;
				GCC_NO_COMMON_BLOCKS = YES;
				GCC_WARN_64_TO_32_BIT_CONVERSION = YES;
				GCC_WARN_ABOUT_RETURN_TYPE = YES_ERROR;
				GCC_WARN_UNDECLARED_SELECTOR = YES;
				GCC_WARN_UNINITIALIZED_AUTOS = YES_AGGRESSIVE;
				GCC_WARN_UNUSED_FUNCTION = YES;
				GCC_WARN_UNUSED_VARIABLE = YES;
				IPHONEOS_DEPLOYMENT_TARGET = 13.6;
				MTL_ENABLE_DEBUG_INFO = NO;
				MTL_FAST_MATH = YES;
				SDKROOT = iphoneos;
				SWIFT_COMPILATION_MODE = wholemodule;
				SWIFT_OPTIMIZATION_LEVEL = "-O";
				VALIDATE_PRODUCT = YES;
			};
			name = Release;
		};
		E8BE1E3E25754BD30052CE29 /* Debug */ = {
			isa = XCBuildConfiguration;
			baseConfigurationReference = FDB4EED666C2167105F23BFF /* Pods-FairwayFinder.debug.xcconfig */;
			buildSettings = {
				ASSETCATALOG_COMPILER_APPICON_NAME = AppIcon;
				CODE_SIGN_STYLE = Automatic;
				DEVELOPMENT_TEAM = Q2J8HVQCXR;
				INFOPLIST_FILE = FairwayFinder/Info.plist;
				LD_RUNPATH_SEARCH_PATHS = (
					"$(inherited)",
					"@executable_path/Frameworks",
				);
				PRODUCT_BUNDLE_IDENTIFIER = com.MichaelRyan.FairwayFinder;
				PRODUCT_NAME = "$(TARGET_NAME)";
				SWIFT_VERSION = 5.0;
				TARGETED_DEVICE_FAMILY = "1,2";
			};
			name = Debug;
		};
		E8BE1E3F25754BD30052CE29 /* Release */ = {
			isa = XCBuildConfiguration;
			baseConfigurationReference = 2A48CDFFF42555E642EDA1D2 /* Pods-FairwayFinder.release.xcconfig */;
			buildSettings = {
				ASSETCATALOG_COMPILER_APPICON_NAME = AppIcon;
				CODE_SIGN_STYLE = Automatic;
				DEVELOPMENT_TEAM = Q2J8HVQCXR;
				INFOPLIST_FILE = FairwayFinder/Info.plist;
				LD_RUNPATH_SEARCH_PATHS = (
					"$(inherited)",
					"@executable_path/Frameworks",
				);
				PRODUCT_BUNDLE_IDENTIFIER = com.MichaelRyan.FairwayFinder;
				PRODUCT_NAME = "$(TARGET_NAME)";
				SWIFT_VERSION = 5.0;
				TARGETED_DEVICE_FAMILY = "1,2";
			};
			name = Release;
		};
/* End XCBuildConfiguration section */

/* Begin XCConfigurationList section */
		E8BE1E2425754BD00052CE29 /* Build configuration list for PBXProject "FairwayFinder" */ = {
			isa = XCConfigurationList;
			buildConfigurations = (
				E8BE1E3B25754BD30052CE29 /* Debug */,
				E8BE1E3C25754BD30052CE29 /* Release */,
			);
			defaultConfigurationIsVisible = 0;
			defaultConfigurationName = Release;
		};
		E8BE1E3D25754BD30052CE29 /* Build configuration list for PBXNativeTarget "FairwayFinder" */ = {
			isa = XCConfigurationList;
			buildConfigurations = (
				E8BE1E3E25754BD30052CE29 /* Debug */,
				E8BE1E3F25754BD30052CE29 /* Release */,
			);
			defaultConfigurationIsVisible = 0;
			defaultConfigurationName = Release;
		};
/* End XCConfigurationList section */
	};
	rootObject = E8BE1E2125754BD00052CE29 /* Project object */;
}
